
Microsoft Visual Studio Solution File, Format Version 11.00
# Visual Studio 2010
Project("{8BC9CEB8-8B4A-11D0-8D11-00A0C91BC942}") = "engine", "engine\engine.vcxproj", "{4E92FB0C-82F5-49A4-8CD9-9333868BB767}"
EndProject
Project("{2150E333-8FDC-42A3-9474-1A3956D46DE8}") = "Solution Items", "Solution Items", "{3A4272D9-D879-4366-B260-12DFFA1C57F0}"
EndProject
Global
	GlobalSection(SolutionConfigurationPlatforms) = preSolution
		Debug|Win32 = Debug|Win32
		MinSizeRel|Win32 = MinSizeRel|Win32
		Release|Win32 = Release|Win32
		RelWithDebInfo|Win32 = RelWithDebInfo|Win32
	EndGlobalSection
	GlobalSection(ProjectConfigurationPlatforms) = postSolution
		{4E92FB0C-82F5-49A4-8CD9-9333868BB767}.Debug|Win32.ActiveCfg = Debug|Win32
		{4E92FB0C-82F5-49A4-8CD9-9333868BB767}.Debug|Win32.Build.0 = Debug|Win32
		{4E92FB0C-82F5-49A4-8CD9-9333868BB767}.MinSizeRel|Win32.ActiveCfg = Release|Win32
		{4E92FB0C-82F5-49A4-8CD9-9333868BB767}.MinSizeRel|Win32.Build.0 = Release|Win32
		{4E92FB0C-82F5-49A4-8CD9-9333868BB767}.Release|Win32.ActiveCfg = Release|Win32
		{4E92FB0C-82F5-49A4-8CD9-9333868BB767}.Release|Win32.Build.0 = Release|Win32
		{4E92FB0C-82F5-49A4-8CD9-9333868BB767}.RelWithDebInfo|Win32.ActiveCfg = Release|Win32
		{4E92FB0C-82F5-49A4-8CD9-9333868BB767}.RelWithDebInfo|Win32.Build.0 = Release|Win32
	EndGlobalSection
	GlobalSection(SolutionProperties) = preSolution
		HideSolutionNode = FALSE
	EndGlobalSection
EndGlobal
